// !$*UTF8*$!
{
	archiveVersion = 1;
	classes = {
	};
	objectVersion = 46;
	objects = {

/* Begin PBXBuildFile section */
		85CEEA9E1DE0A3C500955235 /* AppDelegate.swift in Sources */ = {isa = PBXBuildFile; fileRef = 85CEEA9D1DE0A3C500955235 /* AppDelegate.swift */; };
		85CEEAA01DE0A3C500955235 /* ViewController.swift in Sources */ = {isa = PBXBuildFile; fileRef = 85CEEA9F1DE0A3C500955235 /* ViewController.swift */; };
		85CEEAA31DE0A3C500955235 /* Main.storyboard in Resources */ = {isa = PBXBuildFile; fileRef = 85CEEAA11DE0A3C500955235 /* Main.storyboard */; };
		85CEEAA51DE0A3C500955235 /* Assets.xcassets in Resources */ = {isa = PBXBuildFile; fileRef = 85CEEAA41DE0A3C500955235 /* Assets.xcassets */; };
		85CEEAA81DE0A3C500955235 /* LaunchScreen.storyboard in Resources */ = {isa = PBXBuildFile; fileRef = 85CEEAA61DE0A3C500955235 /* LaunchScreen.storyboard */; };
		85CEEAC01DE0A95500955235 /* Skin in Resources */ = {isa = PBXBuildFile; fileRef = 85CEEABF1DE0A95500955235 /* Skin */; };
/* End PBXBuildFile section */

/* Begin PBXFileReference section */
		85CEEA9A1DE0A3C500955235 /* ChangeSkin.app */ = {isa = PBXFileReference; explicitFileType = wrapper.application; includeInIndex = 0; path = ChangeSkin.app; sourceTree = BUILT_PRODUCTS_DIR; };
		85CEEA9D1DE0A3C500955235 /* AppDelegate.swift */ = {isa = PBXFileReference; lastKnownFileType = sourcecode.swift; path = AppDelegate.swift; sourceTree = "<group>"; };
		85CEEA9F1DE0A3C500955235 /* ViewController.swift */ = {isa = PBXFileReference; lastKnownFileType = sourcecode.swift; path = ViewController.swift; sourceTree = "<group>"; };
		85CEEAA21DE0A3C500955235 /* Base */ = {isa = PBXFileReference; lastKnownFileType = file.storyboard; name = Base; path = Base.lproj/Main.storyboard; sourceTree = "<group>"; };
		85CEEAA41DE0A3C500955235 /* Assets.xcassets */ = {isa = PBXFileReference; lastKnownFileType = folder.assetcatalog; path = Assets.xcassets; sourceTree = "<group>"; };
		85CEEAA71DE0A3C500955235 /* Base */ = {isa = PBXFileReference; lastKnownFileType = file.storyboard; name = Base; path = Base.lproj/LaunchScreen.storyboard; sourceTree = "<group>"; };
		85CEEAA91DE0A3C500955235 /* Info.plist */ = {isa = PBXFileReference; lastKnownFileType = text.plist.xml; path = Info.plist; sourceTree = "<group>"; };
		85CEEABF1DE0A95500955235 /* Skin */ = {isa = PBXFileReference; lastKnownFileType = folder; path = Skin; sourceTree = "<group>"; };
/* End PBXFileReference section */

/* Begin PBXFrameworksBuildPhase section */
		85CEEA971DE0A3C500955235 /* Frameworks */ = {
			isa = PBXFrameworksBuildPhase;
			buildActionMask = 2147483647;
			files = (
			);
			runOnlyForDeploymentPostprocessing = 0;
		};
/* End PBXFrameworksBuildPhase section */

/* Begin PBXGroup section */
		85CEEA911DE0A3C500955235 = {
			isa = PBXGroup;
			children = (
				85CEEA9C1DE0A3C500955235 /* ChangeSkin */,
				85CEEA9B1DE0A3C500955235 /* Products */,
			);
			sourceTree = "<group>";
		};
		85CEEA9B1DE0A3C500955235 /* Products */ = {
			isa = PBXGroup;
			children = (
				85CEEA9A1DE0A3C500955235 /* ChangeSkin.app */,
			);
			name = Products;
			sourceTree = "<group>";
		};
		85CEEA9C1DE0A3C500955235 /* ChangeSkin */ = {
			isa = PBXGroup;
			children = (
				85CEEABF1DE0A95500955235 /* Skin */,
				85CEEA9D1DE0A3C500955235 /* AppDelegate.swift */,
				85CEEA9F1DE0A3C500955235 /* ViewController.swift */,
				85CEEAA11DE0A3C500955235 /* Main.storyboard */,
				85CEEAA41DE0A3C500955235 /* Assets.xcassets */,
				85CEEAA61DE0A3C500955235 /* LaunchScreen.storyboard */,
				85CEEAA91DE0A3C500955235 /* Info.plist */,
			);
			path = ChangeSkin;
			sourceTree = "<group>";
		};
/* End PBXGroup section */

/* Begin PBXNativeTarget section */
		85CEEA991DE0A3C500955235 /* ChangeSkin */ = {
			isa = PBXNativeTarget;
			buildConfigurationList = 85CEEAAC1DE0A3C500955235 /* Build configuration list for PBXNativeTarget "ChangeSkin" */;
			buildPhases = (
				85CEEA961DE0A3C500955235 /* Sources */,
				85CEEA971DE0A3C500955235 /* Frameworks */,
				85CEEA981DE0A3C500955235 /* Resources */,
			);
			buildRules = (
			);
			dependencies = (
			);
			name = ChangeSkin;
			productName = ChangeSkin;
			productReference = 85CEEA9A1DE0A3C500955235 /* ChangeSkin.app */;
			productType = "com.apple.product-type.application";
		};
/* End PBXNativeTarget section */

/* Begin PBXProject section */
		85CEEA921DE0A3C500955235 /* Project object */ = {
			isa = PBXProject;
			attributes = {
				CLASSPREFIX = JG;
				LastSwiftUpdateCheck = 0810;
				LastUpgradeCheck = 0810;
				ORGANIZATIONNAME = "刘军";
				TargetAttributes = {
					85CEEA991DE0A3C500955235 = {
						CreatedOnToolsVersion = 8.1;
						DevelopmentTeam = VR62464C6W;
						ProvisioningStyle = Automatic;
					};
				};
			};
			buildConfigurationList = 85CEEA951DE0A3C500955235 /* Build configuration list for PBXProject "ChangeSkin" */;
			compatibilityVersion = "Xcode 3.2";
			developmentRegion = English;
			hasScannedForEncodings = 0;
			knownRegions = (
				en,
				Base,
			);
			mainGroup = 85CEEA911DE0A3C500955235;
			productRefGroup = 85CEEA9B1DE0A3C500955235 /* Products */;
			projectDirPath = "";
			projectRoot = "";
			targets = (
				85CEEA991DE0A3C500955235 /* ChangeSkin */,
			);
		};
/* End PBXProject section */

/* Begin PBXResourcesBuildPhase section */
		85CEEA981DE0A3C500955235 /* Resources */ = {
			isa = PBXResourcesBuildPhase;
			buildActionMask = 2147483647;
			files = (
				85CEEAA81DE0A3C500955235 /* LaunchScreen.storyboard in Resources */,
				85CEEAC01DE0A95500955235 /* Skin in Resources */,
				85CEEAA51DE0A3C500955235 /* Assets.xcassets in Resources */,
				85CEEAA31DE0A3C500955235 /* Main.storyboard in Resources */,
			);
			runOnlyForDeploymentPostprocessing = 0;
		};
/* End PBXResourcesBuildPhase section */

/* Begin PBXSourcesBuildPhase section */
		85CEEA961DE0A3C500955235 /* Sources */ = {
			isa = PBXSourcesBuildPhase;
			buildActionMask = 2147483647;
			files = (
				85CEEAA01DE0A3C500955235 /* ViewController.swift in Sources */,
				85CEEA9E1DE0A3C500955235 /* AppDelegate.swift in Sources */,
			);
			runOnlyForDeploymentPostprocessing = 0;
		};
/* End PBXSourcesBuildPhase section */

/* Begin PBXVariantGroup section */
		85CEEAA11DE0A3C500955235 /* Main.storyboard */ = {
			isa = PBXVariantGroup;
			children = (
				85CEEAA21DE0A3C500955235 /* Base */,
			);
			name = Main.storyboard;
			sourceTree = "<group>";
		};
		85CEEAA61DE0A3C500955235 /* LaunchScreen.storyboard */ = {
			isa = PBXVariantGroup;
			children = (
				85CEEAA71DE0A3C500955235 /* Base */,
			);
			name = LaunchScreen.storyboard;
			sourceTree = "<group>";
		};
/* End PBXVariantGroup section */

/* Begin XCBuildConfiguration section */
		85CEEAAA1DE0A3C500955235 /* Debug */ = {
			isa = XCBuildConfiguration;
			buildSettings = {
				ALWAYS_SEARCH_USER_PATHS = NO;
				CLANG_ANALYZER_NONNULL = YES;
				CLANG_CXX_LANGUAGE_STANDARD = "gnu++0x";
				CLANG_CXX_LIBRARY = "libc++";
				CLANG_ENABLE_MODULES = YES;
				CLANG_ENABLE_OBJC_ARC = YES;
				CLANG_WARN_BOOL_CONVERSION = YES;
				CLANG_WARN_CONSTANT_CONVERSION = YES;
				CLANG_WARN_DIRECT_OBJC_ISA_USAGE = YES_ERROR;
				CLANG_WARN_DOCUMENTATION_COMMENTS = YES;
				CLANG_WARN_EMPTY_BODY = YES;
				CLANG_WARN_ENUM_CONVERSION = YES;
				CLANG_WARN_INFINITE_RECURSION = YES;
				CLANG_WARN_INT_CONVERSION = YES;
				CLANG_WARN_OBJC_ROOT_CLASS = YES_ERROR;
				CLANG_WARN_SUSPICIOUS_MOVES = YES;
				CLANG_WARN_UNREACHABLE_CODE = YES;
				CLANG_WARN__DUPLICATE_METHOD_MATCH = YES;
				"CODE_SIGN_IDENTITY[sdk=iphoneos*]" = "iPhone Developer";
				COPY_PHASE_STRIP = NO;
				DEBUG_INFORMATION_FORMAT = dwarf;
				ENABLE_STRICT_OBJC_MSGSEND = YES;
				ENABLE_TESTABILITY = YES;
				GCC_C_LANGUAGE_STANDARD = gnu99;
				GCC_DYNAMIC_NO_PIC = NO;
				GCC_NO_COMMON_BLOCKS = YES;
				GCC_OPTIMIZATION_LEVEL = 0;
				GCC_PREPROCESSOR_DEFINITIONS = (
					"DEBUG=1",
					"$(inherited)",
				);
				GCC_WARN_64_TO_32_BIT_CONVERSION = YES;
				GCC_WARN_ABOUT_RETURN_TYPE = YES_ERROR;
				GCC_WARN_UNDECLARED_SELECTOR = YES;
				GCC_WARN_UNINITIALIZED_AUTOS = YES_AGGRESSIVE;
				GCC_WARN_UNUSED_FUNCTION = YES;
				GCC_WARN_UNUSED_VARIABLE = YES;
				IPHONEOS_DEPLOYMENT_TARGET = 10.1;
				MTL_ENABLE_DEBUG_INFO = YES;
				ONLY_ACTIVE_ARCH = YES;
				SDKROOT = iphoneos;
				SWIFT_ACTIVE_COMPILATION_CONDITIONS = DEBUG;
				SWIFT_OPTIMIZATION_LEVEL = "-Onone";
				TARGETED_DEVICE_FAMILY = "1,2";
			};
			name = Debug;
		};
		85CEEAAB1DE0A3C500955235 /* Release */ = {
			isa = XCBuildConfiguration;
			buildSettings = {
				ALWAYS_SEARCH_USER_PATHS = NO;
				CLANG_ANALYZER_NONNULL = YES;
				CLANG_CXX_LANGUAGE_STANDARD = "gnu++0x";
				CLANG_CXX_LIBRARY = "libc++";
				CLANG_ENABLE_MODULES = YES;
				CLANG_ENABLE_OBJC_ARC = YES;
				CLANG_WARN_BOOL_CONVERSION = YES;
				CLANG_WARN_CONSTANT_CONVERSION = YES;
				CLANG_WARN_DIRECT_OBJC_ISA_USAGE = YES_ERROR;
				CLANG_WARN_DOCUMENTATION_COMMENTS = YES;
				CLANG_WARN_EMPTY_BODY = YES;
				CLANG_WARN_ENUM_CONVERSION = YES;
				CLANG_WARN_INFINITE_RECURSION = YES;
				CLANG_WARN_INT_CONVERSION = YES;
				CLANG_WARN_OBJC_ROOT_CLASS = YES_ERROR;
				CLANG_WARN_SUSPICIOUS_MOVES = YES;
				CLANG_WARN_UNREACHABLE_CODE = YES;
				CLANG_WARN__DUPLICATE_METHOD_MATCH = YES;
				"CODE_SIGN_IDENTITY[sdk=iphoneos*]" = "iPhone Developer";
				COPY_PHASE_STRIP = NO;
				DEBUG_INFORMATION_FORMAT = "dwarf-with-dsym";
				ENABLE_NS_ASSERTIONS = NO;
				ENABLE_STRICT_OBJC_MSGSEND = YES;
				GCC_C_LANGUAGE_STANDARD = gnu99;
				GCC_NO_COMMON_BLOCKS = YES;
				GCC_WARN_64_TO_32_BIT_CONVERSION = YES;
				GCC_WARN_ABOUT_RETURN_TYPE = YES_ERROR;
				GCC_WARN_UNDECLARED_SELECTOR = YES;
				GCC_WARN_UNINITIALIZED_AUTOS = YES_AGGRESSIVE;
				GCC_WARN_UNUSED_FUNCTION = YES;
				GCC_WARN_UNUSED_VARIABLE = YES;
				IPHONEOS_DEPLOYMENT_TARGET = 10.1;
				MTL_ENABLE_DEBUG_INFO = NO;
				SDKROOT = iphoneos;
				SWIFT_OPTIMIZATION_LEVEL = "-Owholemodule";
				TARGETED_DEVICE_FAMILY = "1,2";
				VALIDATE_PRODUCT = YES;
			};
			name = Release;
		};
		85CEEAAD1DE0A3C500955235 /* Debug */ = {
			isa = XCBuildConfiguration;
			buildSettings = {
				ASSETCATALOG_COMPILER_APPICON_NAME = AppIcon;
				DEVELOPMENT_TEAM = VR62464C6W;
				INFOPLIST_FILE = ChangeSkin/Info.plist;
				LD_RUNPATH_SEARCH_PATHS = "$(inherited) @executable_path/Frameworks";
				PRODUCT_BUNDLE_IDENTIFIER = com.ios520junge.www.ChangeSkin;
				PRODUCT_NAME = "$(TARGET_NAME)";
				SWIFT_VERSION = 3.0;
			};
			name = Debug;
		};
		85CEEAAE1DE0A3C500955235 /* Release */ = {
			isa = XCBuildConfiguration;
			buildSettings = {
				ASSETCATALOG_COMPILER_APPICON_NAME = AppIcon;
				DEVELOPMENT_TEAM = VR62464C6W;
				INFOPLIST_FILE = ChangeSkin/Info.plist;
				LD_RUNPATH_SEARCH_PATHS = "$(inherited) @executable_path/Frameworks";
				PRODUCT_BUNDLE_IDENTIFIER = com.ios520junge.www.ChangeSkin;
				PRODUCT_NAME = "$(TARGET_NAME)";
				SWIFT_VERSION = 3.0;
			};
			name = Release;
		};
/* End XCBuildConfiguration section */

/* Begin XCConfigurationList section */
		85CEEA951DE0A3C500955235 /* Build configuration list for PBXProject "ChangeSkin" */ = {
			isa = XCConfigurationList;
			buildConfigurations = (
				85CEEAAA1DE0A3C500955235 /* Debug */,
				85CEEAAB1DE0A3C500955235 /* Release */,
			);
			defaultConfigurationIsVisible = 0;
			defaultConfigurationName = Release;
		};
		85CEEAAC1DE0A3C500955235 /* Build configuration list for PBXNativeTarget "ChangeSkin" */ = {
			isa = XCConfigurationList;
			buildConfigurations = (
				85CEEAAD1DE0A3C500955235 /* Debug */,
				85CEEAAE1DE0A3C500955235 /* Release */,
			);
			defaultConfigurationIsVisible = 0;
			defaultConfigurationName = Release;
		};
/* End XCConfigurationList section */
	};
	rootObject = 85CEEA921DE0A3C500955235 /* Project object */;
}
